// !$*UTF8*$!
{
	archiveVersion = 1;
	classes = {
	};
	objectVersion = 50;
	objects = {

/* Begin PBXBuildFile section */
		3006503721F9E9C900EFDC80 /* LoginViewController.swift in Sources */ = {isa = PBXBuildFile; fileRef = 3006503621F9E9C900EFDC80 /* LoginViewController.swift */; };
		300F233721AD93C10067B40A /* MonitorViewController.swift in Sources */ = {isa = PBXBuildFile; fileRef = 300F233621AD93C10067B40A /* MonitorViewController.swift */; };
		304C10AF21F9ED48007AB61A /* Variables.swift in Sources */ = {isa = PBXBuildFile; fileRef = 304C10AE21F9ED48007AB61A /* Variables.swift */; };
		304C10B221F9FBDD007AB61A /* AuthInteractor.swift in Sources */ = {isa = PBXBuildFile; fileRef = 304C10B121F9FBDD007AB61A /* AuthInteractor.swift */; };
		304CDF3921B80D7A006F6667 /* InformationViewController.swift in Sources */ = {isa = PBXBuildFile; fileRef = 304CDF3821B80D7A006F6667 /* InformationViewController.swift */; };
		306456FA21CCEA3B0069ABCF /* UIColorHex.swift in Sources */ = {isa = PBXBuildFile; fileRef = 306456F921CCEA3B0069ABCF /* UIColorHex.swift */; };
		30CACBF421CB93DF0068E0B7 /* Assets.xcassets in Resources */ = {isa = PBXBuildFile; fileRef = 30CACBF321CB93DF0068E0B7 /* Assets.xcassets */; };
		30CEA92721A8339400028CF5 /* MenuViewController.swift in Sources */ = {isa = PBXBuildFile; fileRef = 30CEA92621A8339400028CF5 /* MenuViewController.swift */; };
		30DAC95521A6EFBE000D3072 /* AppDelegate.swift in Sources */ = {isa = PBXBuildFile; fileRef = 30DAC95421A6EFBE000D3072 /* AppDelegate.swift */; };
		30DAC95721A6EFBE000D3072 /* HeartRateViewController.swift in Sources */ = {isa = PBXBuildFile; fileRef = 30DAC95621A6EFBE000D3072 /* HeartRateViewController.swift */; };
		30DAC95A21A6EFBE000D3072 /* Main.storyboard in Resources */ = {isa = PBXBuildFile; fileRef = 30DAC95821A6EFBE000D3072 /* Main.storyboard */; };
		30DAC95F21A6EFC5000D3072 /* LaunchScreen.storyboard in Resources */ = {isa = PBXBuildFile; fileRef = 30DAC95D21A6EFC5000D3072 /* LaunchScreen.storyboard */; };
		589F32D40C5FA4B462AF36A5 /* Pods_MedicalWearable.framework in Frameworks */ = {isa = PBXBuildFile; fileRef = 33A162351DF087E788D1069C /* Pods_MedicalWearable.framework */; };
/* End PBXBuildFile section */

/* Begin PBXFileReference section */
		0ADF6D11551E48B47BF3B389 /* Pods-MedicalWearable.release.xcconfig */ = {isa = PBXFileReference; includeInIndex = 1; lastKnownFileType = text.xcconfig; name = "Pods-MedicalWearable.release.xcconfig"; path = "Pods/Target Support Files/Pods-MedicalWearable/Pods-MedicalWearable.release.xcconfig"; sourceTree = "<group>"; };
		3006503621F9E9C900EFDC80 /* LoginViewController.swift */ = {isa = PBXFileReference; lastKnownFileType = sourcecode.swift; path = LoginViewController.swift; sourceTree = "<group>"; };
		300F233621AD93C10067B40A /* MonitorViewController.swift */ = {isa = PBXFileReference; lastKnownFileType = sourcecode.swift; path = MonitorViewController.swift; sourceTree = "<group>"; };
		304C10AE21F9ED48007AB61A /* Variables.swift */ = {isa = PBXFileReference; lastKnownFileType = sourcecode.swift; path = Variables.swift; sourceTree = "<group>"; };
		304C10B121F9FBDD007AB61A /* AuthInteractor.swift */ = {isa = PBXFileReference; lastKnownFileType = sourcecode.swift; path = AuthInteractor.swift; sourceTree = "<group>"; };
		304CDF3821B80D7A006F6667 /* InformationViewController.swift */ = {isa = PBXFileReference; lastKnownFileType = sourcecode.swift; path = InformationViewController.swift; sourceTree = "<group>"; };
		306456F921CCEA3B0069ABCF /* UIColorHex.swift */ = {isa = PBXFileReference; lastKnownFileType = sourcecode.swift; path = UIColorHex.swift; sourceTree = "<group>"; };
		30CACBF321CB93DF0068E0B7 /* Assets.xcassets */ = {isa = PBXFileReference; lastKnownFileType = folder.assetcatalog; path = Assets.xcassets; sourceTree = "<group>"; };
		30CEA92621A8339400028CF5 /* MenuViewController.swift */ = {isa = PBXFileReference; lastKnownFileType = sourcecode.swift; path = MenuViewController.swift; sourceTree = "<group>"; };
		30DAC95121A6EFBE000D3072 /* MedicalWearable.app */ = {isa = PBXFileReference; explicitFileType = wrapper.application; includeInIndex = 0; path = MedicalWearable.app; sourceTree = BUILT_PRODUCTS_DIR; };
		30DAC95421A6EFBE000D3072 /* AppDelegate.swift */ = {isa = PBXFileReference; lastKnownFileType = sourcecode.swift; path = AppDelegate.swift; sourceTree = "<group>"; };
		30DAC95621A6EFBE000D3072 /* HeartRateViewController.swift */ = {isa = PBXFileReference; lastKnownFileType = sourcecode.swift; path = HeartRateViewController.swift; sourceTree = "<group>"; };
		30DAC95921A6EFBE000D3072 /* Base */ = {isa = PBXFileReference; lastKnownFileType = file.storyboard; name = Base; path = Base.lproj/Main.storyboard; sourceTree = "<group>"; };
		30DAC95E21A6EFC5000D3072 /* Base */ = {isa = PBXFileReference; lastKnownFileType = file.storyboard; name = Base; path = Base.lproj/LaunchScreen.storyboard; sourceTree = "<group>"; };
		30DAC96021A6EFC5000D3072 /* Info.plist */ = {isa = PBXFileReference; lastKnownFileType = text.plist.xml; path = Info.plist; sourceTree = "<group>"; };
		33A162351DF087E788D1069C /* Pods_MedicalWearable.framework */ = {isa = PBXFileReference; explicitFileType = wrapper.framework; includeInIndex = 0; path = Pods_MedicalWearable.framework; sourceTree = BUILT_PRODUCTS_DIR; };
		D08C5B74FD40D8EB9E1F70E2 /* Pods-MedicalWearable.debug.xcconfig */ = {isa = PBXFileReference; includeInIndex = 1; lastKnownFileType = text.xcconfig; name = "Pods-MedicalWearable.debug.xcconfig"; path = "Pods/Target Support Files/Pods-MedicalWearable/Pods-MedicalWearable.debug.xcconfig"; sourceTree = "<group>"; };
/* End PBXFileReference section */

/* Begin PBXFrameworksBuildPhase section */
		30DAC94E21A6EFBE000D3072 /* Frameworks */ = {
			isa = PBXFrameworksBuildPhase;
			buildActionMask = 2147483647;
			files = (
				589F32D40C5FA4B462AF36A5 /* Pods_MedicalWearable.framework in Frameworks */,
			);
			runOnlyForDeploymentPostprocessing = 0;
		};
/* End PBXFrameworksBuildPhase section */

/* Begin PBXGroup section */
		223B2E03A8C180BAF412E9C8 /* Frameworks */ = {
			isa = PBXGroup;
			children = (
				33A162351DF087E788D1069C /* Pods_MedicalWearable.framework */,
			);
			name = Frameworks;
			sourceTree = "<group>";
		};
		304C10B021F9FBC4007AB61A /* Interactors */ = {
			isa = PBXGroup;
			children = (
				304C10B121F9FBDD007AB61A /* AuthInteractor.swift */,
			);
			path = Interactors;
			sourceTree = "<group>";
		};
		304CDF3A21B81982006F6667 /* ViewControllers */ = {
			isa = PBXGroup;
			children = (
				30DAC95621A6EFBE000D3072 /* HeartRateViewController.swift */,
				30CEA92621A8339400028CF5 /* MenuViewController.swift */,
				300F233621AD93C10067B40A /* MonitorViewController.swift */,
				304CDF3821B80D7A006F6667 /* InformationViewController.swift */,
				3006503621F9E9C900EFDC80 /* LoginViewController.swift */,
			);
			path = ViewControllers;
			sourceTree = "<group>";
		};
		304CDF3B21B81997006F6667 /* Storyboards */ = {
			isa = PBXGroup;
			children = (
				30DAC95821A6EFBE000D3072 /* Main.storyboard */,
				30DAC95D21A6EFC5000D3072 /* LaunchScreen.storyboard */,
			);
			path = Storyboards;
			sourceTree = "<group>";
		};
		306456F821CCEA230069ABCF /* Support */ = {
			isa = PBXGroup;
			children = (
				306456F921CCEA3B0069ABCF /* UIColorHex.swift */,
				304C10AE21F9ED48007AB61A /* Variables.swift */,
			);
			path = Support;
			sourceTree = "<group>";
		};
		30DAC94821A6EFBE000D3072 = {
			isa = PBXGroup;
			children = (
				30DAC95321A6EFBE000D3072 /* MedicalWearable */,
				30DAC95221A6EFBE000D3072 /* Products */,
				42F1994481825E07D9DBAF31 /* Pods */,
				223B2E03A8C180BAF412E9C8 /* Frameworks */,
			);
			sourceTree = "<group>";
		};
		30DAC95221A6EFBE000D3072 /* Products */ = {
			isa = PBXGroup;
			children = (
				30DAC95121A6EFBE000D3072 /* MedicalWearable.app */,
			);
			name = Products;
			sourceTree = "<group>";
		};
		30DAC95321A6EFBE000D3072 /* MedicalWearable */ = {
			isa = PBXGroup;
			children = (
				304C10B021F9FBC4007AB61A /* Interactors */,
				306456F821CCEA230069ABCF /* Support */,
				304CDF3B21B81997006F6667 /* Storyboards */,
				304CDF3A21B81982006F6667 /* ViewControllers */,
				30DAC95421A6EFBE000D3072 /* AppDelegate.swift */,
				30DAC96021A6EFC5000D3072 /* Info.plist */,
				30CACBF321CB93DF0068E0B7 /* Assets.xcassets */,
			);
			path = MedicalWearable;
			sourceTree = "<group>";
		};
		42F1994481825E07D9DBAF31 /* Pods */ = {
			isa = PBXGroup;
			children = (
				D08C5B74FD40D8EB9E1F70E2 /* Pods-MedicalWearable.debug.xcconfig */,
				0ADF6D11551E48B47BF3B389 /* Pods-MedicalWearable.release.xcconfig */,
			);
			name = Pods;
			sourceTree = "<group>";
		};
/* End PBXGroup section */

/* Begin PBXNativeTarget section */
		30DAC95021A6EFBE000D3072 /* MedicalWearable */ = {
			isa = PBXNativeTarget;
			buildConfigurationList = 30DAC96321A6EFC5000D3072 /* Build configuration list for PBXNativeTarget "MedicalWearable" */;
			buildPhases = (
				9F24697B59A463416D68D6FF /* [CP] Check Pods Manifest.lock */,
				30DAC94D21A6EFBE000D3072 /* Sources */,
				30DAC94E21A6EFBE000D3072 /* Frameworks */,
				30DAC94F21A6EFBE000D3072 /* Resources */,
				86A90B9485BC1E59818A6DCB /* [CP] Embed Pods Frameworks */,
			);
			buildRules = (
			);
			dependencies = (
			);
			name = MedicalWearable;
			productName = MedicalWearable;
			productReference = 30DAC95121A6EFBE000D3072 /* MedicalWearable.app */;
			productType = "com.apple.product-type.application";
		};
/* End PBXNativeTarget section */

/* Begin PBXProject section */
		30DAC94921A6EFBE000D3072 /* Project object */ = {
			isa = PBXProject;
			attributes = {
				LastSwiftUpdateCheck = 1010;
				LastUpgradeCheck = 1010;
				ORGANIZATIONNAME = DannyJanssen;
				TargetAttributes = {
					30DAC95021A6EFBE000D3072 = {
						CreatedOnToolsVersion = 10.1;
					};
				};
			};
			buildConfigurationList = 30DAC94C21A6EFBE000D3072 /* Build configuration list for PBXProject "MedicalWearable" */;
			compatibilityVersion = "Xcode 9.3";
			developmentRegion = en;
			hasScannedForEncodings = 0;
			knownRegions = (
				en,
				Base,
			);
			mainGroup = 30DAC94821A6EFBE000D3072;
			productRefGroup = 30DAC95221A6EFBE000D3072 /* Products */;
			projectDirPath = "";
			projectRoot = "";
			targets = (
				30DAC95021A6EFBE000D3072 /* MedicalWearable */,
			);
		};
/* End PBXProject section */

/* Begin PBXResourcesBuildPhase section */
		30DAC94F21A6EFBE000D3072 /* Resources */ = {
			isa = PBXResourcesBuildPhase;
			buildActionMask = 2147483647;
			files = (
				30DAC95F21A6EFC5000D3072 /* LaunchScreen.storyboard in Resources */,
				30CACBF421CB93DF0068E0B7 /* Assets.xcassets in Resources */,
				30DAC95A21A6EFBE000D3072 /* Main.storyboard in Resources */,
			);
			runOnlyForDeploymentPostprocessing = 0;
		};
/* End PBXResourcesBuildPhase section */

/* Begin PBXShellScriptBuildPhase section */
		86A90B9485BC1E59818A6DCB /* [CP] Embed Pods Frameworks */ = {
			isa = PBXShellScriptBuildPhase;
			buildActionMask = 2147483647;
			files = (
			);
			inputFileListPaths = (
			);
			inputPaths = (
				"${SRCROOT}/Pods/Target Support Files/Pods-MedicalWearable/Pods-MedicalWearable-frameworks.sh",
				"${BUILT_PRODUCTS_DIR}/ABGaugeViewKit/ABGaugeViewKit.framework",
				"${BUILT_PRODUCTS_DIR}/Alamofire/Alamofire.framework",
				"${BUILT_PRODUCTS_DIR}/ChameleonFramework/ChameleonFramework.framework",
				"${BUILT_PRODUCTS_DIR}/Floaty/Floaty.framework",
				"${BUILT_PRODUCTS_DIR}/M13ProgressSuite/M13ProgressSuite.framework",
				"${BUILT_PRODUCTS_DIR}/SnapKit/SnapKit.framework",
				"${BUILT_PRODUCTS_DIR}/SwiftKeychainWrapper/SwiftKeychainWrapper.framework",
				"${BUILT_PRODUCTS_DIR}/SwiftyJSON/SwiftyJSON.framework",
				"${BUILT_PRODUCTS_DIR}/ViewAnimator/ViewAnimator.framework",
			);
			name = "[CP] Embed Pods Frameworks";
			outputFileListPaths = (
			);
			outputPaths = (
				"${TARGET_BUILD_DIR}/${FRAMEWORKS_FOLDER_PATH}/ABGaugeViewKit.framework",
				"${TARGET_BUILD_DIR}/${FRAMEWORKS_FOLDER_PATH}/Alamofire.framework",
				"${TARGET_BUILD_DIR}/${FRAMEWORKS_FOLDER_PATH}/ChameleonFramework.framework",
				"${TARGET_BUILD_DIR}/${FRAMEWORKS_FOLDER_PATH}/Floaty.framework",
				"${TARGET_BUILD_DIR}/${FRAMEWORKS_FOLDER_PATH}/M13ProgressSuite.framework",
				"${TARGET_BUILD_DIR}/${FRAMEWORKS_FOLDER_PATH}/SnapKit.framework",
				"${TARGET_BUILD_DIR}/${FRAMEWORKS_FOLDER_PATH}/SwiftKeychainWrapper.framework",
				"${TARGET_BUILD_DIR}/${FRAMEWORKS_FOLDER_PATH}/SwiftyJSON.framework",
				"${TARGET_BUILD_DIR}/${FRAMEWORKS_FOLDER_PATH}/ViewAnimator.framework",
			);
			runOnlyForDeploymentPostprocessing = 0;
			shellPath = /bin/sh;
			shellScript = "\"${SRCROOT}/Pods/Target Support Files/Pods-MedicalWearable/Pods-MedicalWearable-frameworks.sh\"\n";
			showEnvVarsInLog = 0;
		};
		9F24697B59A463416D68D6FF /* [CP] Check Pods Manifest.lock */ = {
			isa = PBXShellScriptBuildPhase;
			buildActionMask = 2147483647;
			files = (
			);
			inputFileListPaths = (
			);
			inputPaths = (
				"${PODS_PODFILE_DIR_PATH}/Podfile.lock",
				"${PODS_ROOT}/Manifest.lock",
			);
			name = "[CP] Check Pods Manifest.lock";
			outputFileListPaths = (
			);
			outputPaths = (
				"$(DERIVED_FILE_DIR)/Pods-MedicalWearable-checkManifestLockResult.txt",
			);
			runOnlyForDeploymentPostprocessing = 0;
			shellPath = /bin/sh;
			shellScript = "diff \"${PODS_PODFILE_DIR_PATH}/Podfile.lock\" \"${PODS_ROOT}/Manifest.lock\" > /dev/null\nif [ $? != 0 ] ; then\n    # print error to STDERR\n    echo \"error: The sandbox is not in sync with the Podfile.lock. Run 'pod install' or update your CocoaPods installation.\" >&2\n    exit 1\nfi\n# This output is used by Xcode 'outputs' to avoid re-running this script phase.\necho \"SUCCESS\" > \"${SCRIPT_OUTPUT_FILE_0}\"\n";
			showEnvVarsInLog = 0;
		};
/* End PBXShellScriptBuildPhase section */

/* Begin PBXSourcesBuildPhase section */
		30DAC94D21A6EFBE000D3072 /* Sources */ = {
			isa = PBXSourcesBuildPhase;
			buildActionMask = 2147483647;
			files = (
				3006503721F9E9C900EFDC80 /* LoginViewController.swift in Sources */,
				300F233721AD93C10067B40A /* MonitorViewController.swift in Sources */,
				30DAC95721A6EFBE000D3072 /* HeartRateViewController.swift in Sources */,
				304C10AF21F9ED48007AB61A /* Variables.swift in Sources */,
				30CEA92721A8339400028CF5 /* MenuViewController.swift in Sources */,
				306456FA21CCEA3B0069ABCF /* UIColorHex.swift in Sources */,
				30DAC95521A6EFBE000D3072 /* AppDelegate.swift in Sources */,
				304CDF3921B80D7A006F6667 /* InformationViewController.swift in Sources */,
				304C10B221F9FBDD007AB61A /* AuthInteractor.swift in Sources */,
			);
			runOnlyForDeploymentPostprocessing = 0;
		};
/* End PBXSourcesBuildPhase section */

/* Begin PBXVariantGroup section */
		30DAC95821A6EFBE000D3072 /* Main.storyboard */ = {
			isa = PBXVariantGroup;
			children = (
				30DAC95921A6EFBE000D3072 /* Base */,
			);
			name = Main.storyboard;
			sourceTree = "<group>";
		};
		30DAC95D21A6EFC5000D3072 /* LaunchScreen.storyboard */ = {
			isa = PBXVariantGroup;
			children = (
				30DAC95E21A6EFC5000D3072 /* Base */,
			);
			name = LaunchScreen.storyboard;
			sourceTree = "<group>";
		};
/* End PBXVariantGroup section */

/* Begin XCBuildConfiguration section */
		30DAC96121A6EFC5000D3072 /* Debug */ = {
			isa = XCBuildConfiguration;
			buildSettings = {
				ALWAYS_SEARCH_USER_PATHS = NO;
				CLANG_ANALYZER_NONNULL = YES;
				CLANG_ANALYZER_NUMBER_OBJECT_CONVERSION = YES_AGGRESSIVE;
				CLANG_CXX_LANGUAGE_STANDARD = "gnu++14";
				CLANG_CXX_LIBRARY = "libc++";
				CLANG_ENABLE_MODULES = YES;
				CLANG_ENABLE_OBJC_ARC = YES;
				CLANG_ENABLE_OBJC_WEAK = YES;
				CLANG_WARN_BLOCK_CAPTURE_AUTORELEASING = YES;
				CLANG_WARN_BOOL_CONVERSION = YES;
				CLANG_WARN_COMMA = YES;
				CLANG_WARN_CONSTANT_CONVERSION = YES;
				CLANG_WARN_DEPRECATED_OBJC_IMPLEMENTATIONS = YES;
				CLANG_WARN_DIRECT_OBJC_ISA_USAGE = YES_ERROR;
				CLANG_WARN_DOCUMENTATION_COMMENTS = YES;
				CLANG_WARN_EMPTY_BODY = YES;
				CLANG_WARN_ENUM_CONVERSION = YES;
				CLANG_WARN_INFINITE_RECURSION = YES;
				CLANG_WARN_INT_CONVERSION = YES;
				CLANG_WARN_NON_LITERAL_NULL_CONVERSION = YES;
				CLANG_WARN_OBJC_IMPLICIT_RETAIN_SELF = YES;
				CLANG_WARN_OBJC_LITERAL_CONVERSION = YES;
				CLANG_WARN_OBJC_ROOT_CLASS = YES_ERROR;
				CLANG_WARN_RANGE_LOOP_ANALYSIS = YES;
				CLANG_WARN_STRICT_PROTOTYPES = YES;
				CLANG_WARN_SUSPICIOUS_MOVE = YES;
				CLANG_WARN_UNGUARDED_AVAILABILITY = YES_AGGRESSIVE;
				CLANG_WARN_UNREACHABLE_CODE = YES;
				CLANG_WARN__DUPLICATE_METHOD_MATCH = YES;
				CODE_SIGN_IDENTITY = "iPhone Developer";
				COPY_PHASE_STRIP = NO;
				DEBUG_INFORMATION_FORMAT = dwarf;
				ENABLE_STRICT_OBJC_MSGSEND = YES;
				ENABLE_TESTABILITY = YES;
				GCC_C_LANGUAGE_STANDARD = gnu11;
				GCC_DYNAMIC_NO_PIC = NO;
				GCC_NO_COMMON_BLOCKS = YES;
				GCC_OPTIMIZATION_LEVEL = 0;
				GCC_PREPROCESSOR_DEFINITIONS = (
					"DEBUG=1",
					"$(inherited)",
				);
				GCC_WARN_64_TO_32_BIT_CONVERSION = YES;
				GCC_WARN_ABOUT_RETURN_TYPE = YES_ERROR;
				GCC_WARN_UNDECLARED_SELECTOR = YES;
				GCC_WARN_UNINITIALIZED_AUTOS = YES_AGGRESSIVE;
				GCC_WARN_UNUSED_FUNCTION = YES;
				GCC_WARN_UNUSED_VARIABLE = YES;
				IPHONEOS_DEPLOYMENT_TARGET = 12.1;
				MTL_ENABLE_DEBUG_INFO = INCLUDE_SOURCE;
				MTL_FAST_MATH = YES;
				ONLY_ACTIVE_ARCH = YES;
				SDKROOT = iphoneos;
				SWIFT_ACTIVE_COMPILATION_CONDITIONS = DEBUG;
				SWIFT_OPTIMIZATION_LEVEL = "-Onone";
			};
			name = Debug;
		};
		30DAC96221A6EFC5000D3072 /* Release */ = {
			isa = XCBuildConfiguration;
			buildSettings = {
				ALWAYS_SEARCH_USER_PATHS = NO;
				CLANG_ANALYZER_NONNULL = YES;
				CLANG_ANALYZER_NUMBER_OBJECT_CONVERSION = YES_AGGRESSIVE;
				CLANG_CXX_LANGUAGE_STANDARD = "gnu++14";
				CLANG_CXX_LIBRARY = "libc++";
				CLANG_ENABLE_MODULES = YES;
				CLANG_ENABLE_OBJC_ARC = YES;
				CLANG_ENABLE_OBJC_WEAK = YES;
				CLANG_WARN_BLOCK_CAPTURE_AUTORELEASING = YES;
				CLANG_WARN_BOOL_CONVERSION = YES;
				CLANG_WARN_COMMA = YES;
				CLANG_WARN_CONSTANT_CONVERSION = YES;
				CLANG_WARN_DEPRECATED_OBJC_IMPLEMENTATIONS = YES;
				CLANG_WARN_DIRECT_OBJC_ISA_USAGE = YES_ERROR;
				CLANG_WARN_DOCUMENTATION_COMMENTS = YES;
				CLANG_WARN_EMPTY_BODY = YES;
				CLANG_WARN_ENUM_CONVERSION = YES;
				CLANG_WARN_INFINITE_RECURSION = YES;
				CLANG_WARN_INT_CONVERSION = YES;
				CLANG_WARN_NON_LITERAL_NULL_CONVERSION = YES;
				CLANG_WARN_OBJC_IMPLICIT_RETAIN_SELF = YES;
				CLANG_WARN_OBJC_LITERAL_CONVERSION = YES;
				CLANG_WARN_OBJC_ROOT_CLASS = YES_ERROR;
				CLANG_WARN_RANGE_LOOP_ANALYSIS = YES;
				CLANG_WARN_STRICT_PROTOTYPES = YES;
				CLANG_WARN_SUSPICIOUS_MOVE = YES;
				CLANG_WARN_UNGUARDED_AVAILABILITY = YES_AGGRESSIVE;
				CLANG_WARN_UNREACHABLE_CODE = YES;
				CLANG_WARN__DUPLICATE_METHOD_MATCH = YES;
				CODE_SIGN_IDENTITY = "iPhone Developer";
				COPY_PHASE_STRIP = NO;
				DEBUG_INFORMATION_FORMAT = "dwarf-with-dsym";
				ENABLE_NS_ASSERTIONS = NO;
				ENABLE_STRICT_OBJC_MSGSEND = YES;
				GCC_C_LANGUAGE_STANDARD = gnu11;
				GCC_NO_COMMON_BLOCKS = YES;
				GCC_WARN_64_TO_32_BIT_CONVERSION = YES;
				GCC_WARN_ABOUT_RETURN_TYPE = YES_ERROR;
				GCC_WARN_UNDECLARED_SELECTOR = YES;
				GCC_WARN_UNINITIALIZED_AUTOS = YES_AGGRESSIVE;
				GCC_WARN_UNUSED_FUNCTION = YES;
				GCC_WARN_UNUSED_VARIABLE = YES;
				IPHONEOS_DEPLOYMENT_TARGET = 12.1;
				MTL_ENABLE_DEBUG_INFO = NO;
				MTL_FAST_MATH = YES;
				SDKROOT = iphoneos;
				SWIFT_COMPILATION_MODE = wholemodule;
				SWIFT_OPTIMIZATION_LEVEL = "-O";
				VALIDATE_PRODUCT = YES;
			};
			name = Release;
		};
		30DAC96421A6EFC5000D3072 /* Debug */ = {
			isa = XCBuildConfiguration;
			baseConfigurationReference = D08C5B74FD40D8EB9E1F70E2 /* Pods-MedicalWearable.debug.xcconfig */;
			buildSettings = {
				ASSETCATALOG_COMPILER_APPICON_NAME = AppIcon;
				CODE_SIGN_STYLE = Automatic;
				DEVELOPMENT_TEAM = WH49NV6VQE;
				INFOPLIST_FILE = MedicalWearable/Info.plist;
				LD_RUNPATH_SEARCH_PATHS = (
					"$(inherited)",
					"@executable_path/Frameworks",
				);
				PRODUCT_BUNDLE_IDENTIFIER = com.DannyJanssen.MedicalWearable;
				PRODUCT_NAME = "$(TARGET_NAME)";
				SWIFT_VERSION = 4.2;
				TARGETED_DEVICE_FAMILY = "1,2";
			};
			name = Debug;
		};
		30DAC96521A6EFC5000D3072 /* Release */ = {
			isa = XCBuildConfiguration;
			baseConfigurationReference = 0ADF6D11551E48B47BF3B389 /* Pods-MedicalWearable.release.xcconfig */;
			buildSettings = {
				ASSETCATALOG_COMPILER_APPICON_NAME = AppIcon;
				CODE_SIGN_STYLE = Automatic;
				DEVELOPMENT_TEAM = WH49NV6VQE;
				INFOPLIST_FILE = MedicalWearable/Info.plist;
				LD_RUNPATH_SEARCH_PATHS = (
					"$(inherited)",
					"@executable_path/Frameworks",
				);
				PRODUCT_BUNDLE_IDENTIFIER = com.DannyJanssen.MedicalWearable;
				PRODUCT_NAME = "$(TARGET_NAME)";
				SWIFT_VERSION = 4.2;
				TARGETED_DEVICE_FAMILY = "1,2";
			};
			name = Release;
		};
/* End XCBuildConfiguration section */

/* Begin XCConfigurationList section */
		30DAC94C21A6EFBE000D3072 /* Build configuration list for PBXProject "MedicalWearable" */ = {
			isa = XCConfigurationList;
			buildConfigurations = (
				30DAC96121A6EFC5000D3072 /* Debug */,
				30DAC96221A6EFC5000D3072 /* Release */,
			);
			defaultConfigurationIsVisible = 0;
			defaultConfigurationName = Release;
		};
		30DAC96321A6EFC5000D3072 /* Build configuration list for PBXNativeTarget "MedicalWearable" */ = {
			isa = XCConfigurationList;
			buildConfigurations = (
				30DAC96421A6EFC5000D3072 /* Debug */,
				30DAC96521A6EFC5000D3072 /* Release */,
			);
			defaultConfigurationIsVisible = 0;
			defaultConfigurationName = Release;
		};
/* End XCConfigurationList section */
	};
	rootObject = 30DAC94921A6EFBE000D3072 /* Project object */;
}
